
Microsoft Visual Studio Solution File, Format Version 12.00
# Visual Studio Version 17
VisualStudioVersion = 17.11.35327.3
MinimumVisualStudioVersion = 10.0.40219.1
Project("{FAE04EC0-301F-11D3-BF4B-00C04F79EFBC}") = "Helicoil_Smart.Domain", "Helicoil_Smart.Domain\Helicoil_Smart.Domain.csproj", "{ED9F40AF-6D35-46B6-BCDF-3322DD46C606}"
EndProject
Project("{FAE04EC0-301F-11D3-BF4B-00C04F79EFBC}") = "Helicoil_Smart.Application", "Helicoil_Smart.Application\Helicoil_Smart.Application.csproj", "{85FA38D6-B077-41BD-A293-088F768AC804}"
EndProject
Project("{FAE04EC0-301F-11D3-BF4B-00C04F79EFBC}") = "Helicoil_Smart.Infrastructure", "Helicoil_Smart.Infrastructure\Helicoil_Smart.Infrastructure.csproj", "{B58E2618-06F7-4F47-A6ED-89EF2A4DF80E}"
EndProject
Project("{FAE04EC0-301F-11D3-BF4B-00C04F79EFBC}") = "Helicoil_Smart.API", "Helicoil_Smart.API\Helicoil_Smart.API.csproj", "{326D0191-7A69-4307-B5AF-4D8E2625CD71}"
EndProject
Global
	GlobalSection(SolutionConfigurationPlatforms) = preSolution
		Debug|Any CPU = Debug|Any CPU
		Release|Any CPU = Release|Any CPU
	EndGlobalSection
	GlobalSection(ProjectConfigurationPlatforms) = postSolution
		{ED9F40AF-6D35-46B6-BCDF-3322DD46C606}.Debug|Any CPU.ActiveCfg = Debug|Any CPU
		{ED9F40AF-6D35-46B6-BCDF-3322DD46C606}.Debug|Any CPU.Build.0 = Debug|Any CPU
		{ED9F40AF-6D35-46B6-BCDF-3322DD46C606}.Release|Any CPU.ActiveCfg = Release|Any CPU
		{ED9F40AF-6D35-46B6-BCDF-3322DD46C606}.Release|Any CPU.Build.0 = Release|Any CPU
		{85FA38D6-B077-41BD-A293-088F768AC804}.Debug|Any CPU.ActiveCfg = Debug|Any CPU
		{85FA38D6-B077-41BD-A293-088F768AC804}.Debug|Any CPU.Build.0 = Debug|Any CPU
		{85FA38D6-B077-41BD-A293-088F768AC804}.Release|Any CPU.ActiveCfg = Release|Any CPU
		{85FA38D6-B077-41BD-A293-088F768AC804}.Release|Any CPU.Build.0 = Release|Any CPU
		{B58E2618-06F7-4F47-A6ED-89EF2A4DF80E}.Debug|Any CPU.ActiveCfg = Debug|Any CPU
		{B58E2618-06F7-4F47-A6ED-89EF2A4DF80E}.Debug|Any CPU.Build.0 = Debug|Any CPU
		{B58E2618-06F7-4F47-A6ED-89EF2A4DF80E}.Release|Any CPU.ActiveCfg = Release|Any CPU
		{B58E2618-06F7-4F47-A6ED-89EF2A4DF80E}.Release|Any CPU.Build.0 = Release|Any CPU
		{326D0191-7A69-4307-B5AF-4D8E2625CD71}.Debug|Any CPU.ActiveCfg = Debug|Any CPU
		{326D0191-7A69-4307-B5AF-4D8E2625CD71}.Debug|Any CPU.Build.0 = Debug|Any CPU
		{326D0191-7A69-4307-B5AF-4D8E2625CD71}.Release|Any CPU.ActiveCfg = Release|Any CPU
		{326D0191-7A69-4307-B5AF-4D8E2625CD71}.Release|Any CPU.Build.0 = Release|Any CPU
	EndGlobalSection
	GlobalSection(SolutionProperties) = preSolution
		HideSolutionNode = FALSE
	EndGlobalSection
	GlobalSection(ExtensibilityGlobals) = postSolution
		SolutionGuid = {51C3B20F-7EC4-4A90-AD53-F2B3B7FF65D1}
	EndGlobalSection
EndGlobal
